{
  "requires": true,
  "lockfileVersion": 1,
  "dependencies": {
    "@babel/polyfill": {
      "version": "7.0.0",
      "resolved": "https://registry.npmjs.org/@babel/polyfill/-/polyfill-7.0.0.tgz",
      "integrity": "sha512-dnrMRkyyr74CRelJwvgnnSUDh2ge2NCTyHVwpOdvRMHtJUyxLtMAfhBN3s64pY41zdw0kgiLPh6S20eb1NcX6Q==",
      "requires": {
        "core-js": "^2.5.7",
        "regenerator-runtime": "^0.11.1"
      }
    },
    "@rxdi/core": {
      "version": "0.6.7",
      "resolved": "https://registry.npmjs.org/@rxdi/core/-/core-0.6.7.tgz",
      "integrity": "sha512-gi04236YBBaFCkH7sLzw3SfActvk55Yjq0wZtcxQYrJScqjuI1uRmG+WZz8or4f+OUotCdZY8Bp5DLBwg9HXCA==",
      "requires": {
        "reflect-metadata": "0.1.13",
        "rxjs": "6.5.2",
        "systemjs": "0.21.4"
      }
    },
    "@rxdi/lit-html": {
      "version": "0.6.7",
      "resolved": "https://registry.npmjs.org/@rxdi/lit-html/-/lit-html-0.6.7.tgz",
      "integrity": "sha512-TK+UKjUecl+npsCeDIt+xbAcoF56YziXSmT8U06pGhojBDyfwz6yd76ULQd0pXalttAEKmi61WXJvP0WxS3/WA=="
    },
    "@webcomponents/webcomponentsjs": {
      "version": "1.2.4",
      "resolved": "https://registry.npmjs.org/@webcomponents/webcomponentsjs/-/webcomponentsjs-1.2.4.tgz",
      "integrity": "sha512-JiratNkqWceEsC8Y/IgSR5NvzUFjiUj7K489YU8CP6a9QyKNNFdCZv06tht2uJfAomuXOgXuXktNhD0VtH9v9A=="
    },
    "core-js": {
      "version": "2.6.9",
      "resolved": "https://registry.npmjs.org/core-js/-/core-js-2.6.9.tgz",
      "integrity": "sha512-HOpZf6eXmnl7la+cUdMnLvUxKNqLUzJvgIziQ0DiF3JwSImNphIqdGqzj6hIKyX04MmV0poclQ7+wjWvxQyR2A=="
    },
    "reflect-metadata": {
      "version": "0.1.13",
      "resolved": "https://registry.npmjs.org/reflect-metadata/-/reflect-metadata-0.1.13.tgz",
      "integrity": "sha512-Ts1Y/anZELhSsjMcU605fU9RE4Oi3p5ORujwbIKXfWa+0Zxs510Qrmrce5/Jowq3cHSZSJqBjypxmHarc+vEWg=="
    },
    "regenerator-runtime": {
      "version": "0.11.1",
      "resolved": "https://registry.npmjs.org/regenerator-runtime/-/regenerator-runtime-0.11.1.tgz",
      "integrity": "sha512-MguG95oij0fC3QV3URf4V2SDYGJhJnJGqvIIgdECeODCT98wSWDAJ94SSuVpYQUoTcGUIL6L4yNB7j1DFFHSBg=="
    },
    "rxjs": {
      "version": "6.5.2",
      "resolved": "https://registry.npmjs.org/rxjs/-/rxjs-6.5.2.tgz",
      "integrity": "sha512-HUb7j3kvb7p7eCUHE3FqjoDsC1xfZQ4AHFWfTKSpZ+sAhhz5X1WX0ZuUqWbzB2QhSLp3DoLUG+hMdEDKqWo2Zg==",
      "requires": {
        "tslib": "^1.9.0"
      }
    },
    "systemjs": {
      "version": "0.21.4",
      "resolved": "https://registry.npmjs.org/systemjs/-/systemjs-0.21.4.tgz",
      "integrity": "sha512-l1O8boHjAIY5UG74Xk4B63LK9QbFxv/FkQa//GGGWaTeQoMhTsWnFrYwPWBScSF4xQFMO/+v9QB4i633h8Oytw=="
    },
    "tslib": {
      "version": "1.10.0",
      "resolved": "https://registry.npmjs.org/tslib/-/tslib-1.10.0.tgz",
      "integrity": "sha512-qOebF53frne81cf0S9B41ByenJ3/IuH8yJKngAX35CmiZySA0khhkovshKK+jGCaMnVomla7gVlIcc3EvKPbTQ=="
    },
    "typescript": {
      "version": "3.5.2",
      "resolved": "https://registry.npmjs.org/typescript/-/typescript-3.5.2.tgz",
      "integrity": "sha512-7KxJovlYhTX5RaRbUdkAXN1KUZ8PwWlTzQdHV6xNqvuFOs7+WBo10TQUqT19Q/Jz2hk5v9TQDIhyLhhJY4p5AA==",
      "dev": true
    }
  }
}
